
Microsoft Visual Studio Solution File, Format Version 12.00
# Visual Studio Version 17
VisualStudioVersion = 17.8.34322.80
MinimumVisualStudioVersion = 10.0.40219.1
Project("{9A19103F-16F7-4668-BE54-9A1E7A4F7556}") = "blazor", "blazor\blazor.csproj", "{236E74DB-E588-42F2-AFC3-BD893E53B6FD}"
EndProject
Global
	GlobalSection(SolutionConfigurationPlatforms) = preSolution
		Debug|Any CPU = Debug|Any CPU
		Release|Any CPU = Release|Any CPU
	EndGlobalSection
	GlobalSection(ProjectConfigurationPlatforms) = postSolution
		{236E74DB-E588-42F2-AFC3-BD893E53B6FD}.Debug|Any CPU.ActiveCfg = Debug|Any CPU
		{236E74DB-E588-42F2-AFC3-BD893E53B6FD}.Debug|Any CPU.Build.0 = Debug|Any CPU
		{236E74DB-E588-42F2-AFC3-BD893E53B6FD}.Release|Any CPU.ActiveCfg = Release|Any CPU
		{236E74DB-E588-42F2-AFC3-BD893E53B6FD}.Release|Any CPU.Build.0 = Release|Any CPU
	EndGlobalSection
	GlobalSection(SolutionProperties) = preSolution
		HideSolutionNode = FALSE
	EndGlobalSection
	GlobalSection(ExtensibilityGlobals) = postSolution
		SolutionGuid = {CB541A52-F034-4A01-B5B9-CD8D723650AE}
	EndGlobalSection
EndGlobal
